// !$*UTF8*$!
{
	archiveVersion = 1;
	classes = {
	};
	objectVersion = 50;
	objects = {

/* Begin PBXBuildFile section */
		1BACC55F214F40320070CFE5 /* AppDelegate.swift in Sources */ = {isa = PBXBuildFile; fileRef = 1BACC55E214F40320070CFE5 /* AppDelegate.swift */; };
		1BACC561214F40330070CFE5 /* FirstViewController.swift in Sources */ = {isa = PBXBuildFile; fileRef = 1BACC560214F40330070CFE5 /* FirstViewController.swift */; };
		1BACC563214F40330070CFE5 /* SecondViewController.swift in Sources */ = {isa = PBXBuildFile; fileRef = 1BACC562214F40330070CFE5 /* SecondViewController.swift */; };
		1BACC566214F40330070CFE5 /* Main.storyboard in Resources */ = {isa = PBXBuildFile; fileRef = 1BACC564214F40330070CFE5 /* Main.storyboard */; };
		1BACC568214F40330070CFE5 /* Assets.xcassets in Resources */ = {isa = PBXBuildFile; fileRef = 1BACC567214F40330070CFE5 /* Assets.xcassets */; };
		1BACC56B214F40330070CFE5 /* LaunchScreen.storyboard in Resources */ = {isa = PBXBuildFile; fileRef = 1BACC569214F40330070CFE5 /* LaunchScreen.storyboard */; };
		1BACC576214F40330070CFE5 /* iPhoneRemindTests.swift in Sources */ = {isa = PBXBuildFile; fileRef = 1BACC575214F40330070CFE5 /* iPhoneRemindTests.swift */; };
		1BACC581214F40330070CFE5 /* iPhoneRemindUITests.swift in Sources */ = {isa = PBXBuildFile; fileRef = 1BACC580214F40330070CFE5 /* iPhoneRemindUITests.swift */; };
/* End PBXBuildFile section */

/* Begin PBXContainerItemProxy section */
		1BACC572214F40330070CFE5 /* PBXContainerItemProxy */ = {
			isa = PBXContainerItemProxy;
			containerPortal = 1BACC553214F40320070CFE5 /* Project object */;
			proxyType = 1;
			remoteGlobalIDString = 1BACC55A214F40320070CFE5;
			remoteInfo = iPhoneRemind;
		};
		1BACC57D214F40330070CFE5 /* PBXContainerItemProxy */ = {
			isa = PBXContainerItemProxy;
			containerPortal = 1BACC553214F40320070CFE5 /* Project object */;
			proxyType = 1;
			remoteGlobalIDString = 1BACC55A214F40320070CFE5;
			remoteInfo = iPhoneRemind;
		};
/* End PBXContainerItemProxy section */

/* Begin PBXFileReference section */
		1BACC55B214F40320070CFE5 /* iPhoneRemind.app */ = {isa = PBXFileReference; explicitFileType = wrapper.application; includeInIndex = 0; path = iPhoneRemind.app; sourceTree = BUILT_PRODUCTS_DIR; };
		1BACC55E214F40320070CFE5 /* AppDelegate.swift */ = {isa = PBXFileReference; lastKnownFileType = sourcecode.swift; path = AppDelegate.swift; sourceTree = "<group>"; };
		1BACC560214F40330070CFE5 /* FirstViewController.swift */ = {isa = PBXFileReference; lastKnownFileType = sourcecode.swift; path = FirstViewController.swift; sourceTree = "<group>"; };
		1BACC562214F40330070CFE5 /* SecondViewController.swift */ = {isa = PBXFileReference; lastKnownFileType = sourcecode.swift; path = SecondViewController.swift; sourceTree = "<group>"; };
		1BACC565214F40330070CFE5 /* Base */ = {isa = PBXFileReference; lastKnownFileType = file.storyboard; name = Base; path = Base.lproj/Main.storyboard; sourceTree = "<group>"; };
		1BACC567214F40330070CFE5 /* Assets.xcassets */ = {isa = PBXFileReference; lastKnownFileType = folder.assetcatalog; path = Assets.xcassets; sourceTree = "<group>"; };
		1BACC56A214F40330070CFE5 /* Base */ = {isa = PBXFileReference; lastKnownFileType = file.storyboard; name = Base; path = Base.lproj/LaunchScreen.storyboard; sourceTree = "<group>"; };
		1BACC56C214F40330070CFE5 /* Info.plist */ = {isa = PBXFileReference; lastKnownFileType = text.plist.xml; path = Info.plist; sourceTree = "<group>"; };
		1BACC571214F40330070CFE5 /* iPhoneRemindTests.xctest */ = {isa = PBXFileReference; explicitFileType = wrapper.cfbundle; includeInIndex = 0; path = iPhoneRemindTests.xctest; sourceTree = BUILT_PRODUCTS_DIR; };
		1BACC575214F40330070CFE5 /* iPhoneRemindTests.swift */ = {isa = PBXFileReference; lastKnownFileType = sourcecode.swift; path = iPhoneRemindTests.swift; sourceTree = "<group>"; };
		1BACC577214F40330070CFE5 /* Info.plist */ = {isa = PBXFileReference; lastKnownFileType = text.plist.xml; path = Info.plist; sourceTree = "<group>"; };
		1BACC57C214F40330070CFE5 /* iPhoneRemindUITests.xctest */ = {isa = PBXFileReference; explicitFileType = wrapper.cfbundle; includeInIndex = 0; path = iPhoneRemindUITests.xctest; sourceTree = BUILT_PRODUCTS_DIR; };
		1BACC580214F40330070CFE5 /* iPhoneRemindUITests.swift */ = {isa = PBXFileReference; lastKnownFileType = sourcecode.swift; path = iPhoneRemindUITests.swift; sourceTree = "<group>"; };
		1BACC582214F40330070CFE5 /* Info.plist */ = {isa = PBXFileReference; lastKnownFileType = text.plist.xml; path = Info.plist; sourceTree = "<group>"; };
/* End PBXFileReference section */

/* Begin PBXFrameworksBuildPhase section */
		1BACC558214F40320070CFE5 /* Frameworks */ = {
			isa = PBXFrameworksBuildPhase;
			buildActionMask = 2147483647;
			files = (
			);
			runOnlyForDeploymentPostprocessing = 0;
		};
		1BACC56E214F40330070CFE5 /* Frameworks */ = {
			isa = PBXFrameworksBuildPhase;
			buildActionMask = 2147483647;
			files = (
			);
			runOnlyForDeploymentPostprocessing = 0;
		};
		1BACC579214F40330070CFE5 /* Frameworks */ = {
			isa = PBXFrameworksBuildPhase;
			buildActionMask = 2147483647;
			files = (
			);
			runOnlyForDeploymentPostprocessing = 0;
		};
/* End PBXFrameworksBuildPhase section */

/* Begin PBXGroup section */
		1BACC552214F40320070CFE5 = {
			isa = PBXGroup;
			children = (
				1BACC55D214F40320070CFE5 /* iPhoneRemind */,
				1BACC574214F40330070CFE5 /* iPhoneRemindTests */,
				1BACC57F214F40330070CFE5 /* iPhoneRemindUITests */,
				1BACC55C214F40320070CFE5 /* Products */,
			);
			sourceTree = "<group>";
		};
		1BACC55C214F40320070CFE5 /* Products */ = {
			isa = PBXGroup;
			children = (
				1BACC55B214F40320070CFE5 /* iPhoneRemind.app */,
				1BACC571214F40330070CFE5 /* iPhoneRemindTests.xctest */,
				1BACC57C214F40330070CFE5 /* iPhoneRemindUITests.xctest */,
			);
			name = Products;
			sourceTree = "<group>";
		};
		1BACC55D214F40320070CFE5 /* iPhoneRemind */ = {
			isa = PBXGroup;
			children = (
				1BACC55E214F40320070CFE5 /* AppDelegate.swift */,
				1BACC560214F40330070CFE5 /* FirstViewController.swift */,
				1BACC562214F40330070CFE5 /* SecondViewController.swift */,
				1BACC564214F40330070CFE5 /* Main.storyboard */,
				1BACC567214F40330070CFE5 /* Assets.xcassets */,
				1BACC569214F40330070CFE5 /* LaunchScreen.storyboard */,
				1BACC56C214F40330070CFE5 /* Info.plist */,
			);
			path = iPhoneRemind;
			sourceTree = "<group>";
		};
		1BACC574214F40330070CFE5 /* iPhoneRemindTests */ = {
			isa = PBXGroup;
			children = (
				1BACC575214F40330070CFE5 /* iPhoneRemindTests.swift */,
				1BACC577214F40330070CFE5 /* Info.plist */,
			);
			path = iPhoneRemindTests;
			sourceTree = "<group>";
		};
		1BACC57F214F40330070CFE5 /* iPhoneRemindUITests */ = {
			isa = PBXGroup;
			children = (
				1BACC580214F40330070CFE5 /* iPhoneRemindUITests.swift */,
				1BACC582214F40330070CFE5 /* Info.plist */,
			);
			path = iPhoneRemindUITests;
			sourceTree = "<group>";
		};
/* End PBXGroup section */

/* Begin PBXNativeTarget section */
		1BACC55A214F40320070CFE5 /* iPhoneRemind */ = {
			isa = PBXNativeTarget;
			buildConfigurationList = 1BACC585214F40330070CFE5 /* Build configuration list for PBXNativeTarget "iPhoneRemind" */;
			buildPhases = (
				1BACC557214F40320070CFE5 /* Sources */,
				1BACC558214F40320070CFE5 /* Frameworks */,
				1BACC559214F40320070CFE5 /* Resources */,
			);
			buildRules = (
			);
			dependencies = (
			);
			name = iPhoneRemind;
			productName = iPhoneRemind;
			productReference = 1BACC55B214F40320070CFE5 /* iPhoneRemind.app */;
			productType = "com.apple.product-type.application";
		};
		1BACC570214F40330070CFE5 /* iPhoneRemindTests */ = {
			isa = PBXNativeTarget;
			buildConfigurationList = 1BACC588214F40330070CFE5 /* Build configuration list for PBXNativeTarget "iPhoneRemindTests" */;
			buildPhases = (
				1BACC56D214F40330070CFE5 /* Sources */,
				1BACC56E214F40330070CFE5 /* Frameworks */,
				1BACC56F214F40330070CFE5 /* Resources */,
			);
			buildRules = (
			);
			dependencies = (
				1BACC573214F40330070CFE5 /* PBXTargetDependency */,
			);
			name = iPhoneRemindTests;
			productName = iPhoneRemindTests;
			productReference = 1BACC571214F40330070CFE5 /* iPhoneRemindTests.xctest */;
			productType = "com.apple.product-type.bundle.unit-test";
		};
		1BACC57B214F40330070CFE5 /* iPhoneRemindUITests */ = {
			isa = PBXNativeTarget;
			buildConfigurationList = 1BACC58B214F40330070CFE5 /* Build configuration list for PBXNativeTarget "iPhoneRemindUITests" */;
			buildPhases = (
				1BACC578214F40330070CFE5 /* Sources */,
				1BACC579214F40330070CFE5 /* Frameworks */,
				1BACC57A214F40330070CFE5 /* Resources */,
			);
			buildRules = (
			);
			dependencies = (
				1BACC57E214F40330070CFE5 /* PBXTargetDependency */,
			);
			name = iPhoneRemindUITests;
			productName = iPhoneRemindUITests;
			productReference = 1BACC57C214F40330070CFE5 /* iPhoneRemindUITests.xctest */;
			productType = "com.apple.product-type.bundle.ui-testing";
		};
/* End PBXNativeTarget section */

/* Begin PBXProject section */
		1BACC553214F40320070CFE5 /* Project object */ = {
			isa = PBXProject;
			attributes = {
				LastSwiftUpdateCheck = 0940;
				LastUpgradeCheck = 0940;
				ORGANIZATIONNAME = "Thomas Nguyen";
				TargetAttributes = {
					1BACC55A214F40320070CFE5 = {
						CreatedOnToolsVersion = 9.4.1;
					};
					1BACC570214F40330070CFE5 = {
						CreatedOnToolsVersion = 9.4.1;
						TestTargetID = 1BACC55A214F40320070CFE5;
					};
					1BACC57B214F40330070CFE5 = {
						CreatedOnToolsVersion = 9.4.1;
						TestTargetID = 1BACC55A214F40320070CFE5;
					};
				};
			};
			buildConfigurationList = 1BACC556214F40320070CFE5 /* Build configuration list for PBXProject "iPhoneRemind" */;
			compatibilityVersion = "Xcode 9.3";
			developmentRegion = en;
			hasScannedForEncodings = 0;
			knownRegions = (
				en,
				Base,
			);
			mainGroup = 1BACC552214F40320070CFE5;
			productRefGroup = 1BACC55C214F40320070CFE5 /* Products */;
			projectDirPath = "";
			projectRoot = "";
			targets = (
				1BACC55A214F40320070CFE5 /* iPhoneRemind */,
				1BACC570214F40330070CFE5 /* iPhoneRemindTests */,
				1BACC57B214F40330070CFE5 /* iPhoneRemindUITests */,
			);
		};
/* End PBXProject section */

/* Begin PBXResourcesBuildPhase section */
		1BACC559214F40320070CFE5 /* Resources */ = {
			isa = PBXResourcesBuildPhase;
			buildActionMask = 2147483647;
			files = (
				1BACC56B214F40330070CFE5 /* LaunchScreen.storyboard in Resources */,
				1BACC568214F40330070CFE5 /* Assets.xcassets in Resources */,
				1BACC566214F40330070CFE5 /* Main.storyboard in Resources */,
			);
			runOnlyForDeploymentPostprocessing = 0;
		};
		1BACC56F214F40330070CFE5 /* Resources */ = {
			isa = PBXResourcesBuildPhase;
			buildActionMask = 2147483647;
			files = (
			);
			runOnlyForDeploymentPostprocessing = 0;
		};
		1BACC57A214F40330070CFE5 /* Resources */ = {
			isa = PBXResourcesBuildPhase;
			buildActionMask = 2147483647;
			files = (
			);
			runOnlyForDeploymentPostprocessing = 0;
		};
/* End PBXResourcesBuildPhase section */

/* Begin PBXSourcesBuildPhase section */
		1BACC557214F40320070CFE5 /* Sources */ = {
			isa = PBXSourcesBuildPhase;
			buildActionMask = 2147483647;
			files = (
				1BACC563214F40330070CFE5 /* SecondViewController.swift in Sources */,
				1BACC55F214F40320070CFE5 /* AppDelegate.swift in Sources */,
				1BACC561214F40330070CFE5 /* FirstViewController.swift in Sources */,
			);
			runOnlyForDeploymentPostprocessing = 0;
		};
		1BACC56D214F40330070CFE5 /* Sources */ = {
			isa = PBXSourcesBuildPhase;
			buildActionMask = 2147483647;
			files = (
				1BACC576214F40330070CFE5 /* iPhoneRemindTests.swift in Sources */,
			);
			runOnlyForDeploymentPostprocessing = 0;
		};
		1BACC578214F40330070CFE5 /* Sources */ = {
			isa = PBXSourcesBuildPhase;
			buildActionMask = 2147483647;
			files = (
				1BACC581214F40330070CFE5 /* iPhoneRemindUITests.swift in Sources */,
			);
			runOnlyForDeploymentPostprocessing = 0;
		};
/* End PBXSourcesBuildPhase section */

/* Begin PBXTargetDependency section */
		1BACC573214F40330070CFE5 /* PBXTargetDependency */ = {
			isa = PBXTargetDependency;
			target = 1BACC55A214F40320070CFE5 /* iPhoneRemind */;
			targetProxy = 1BACC572214F40330070CFE5 /* PBXContainerItemProxy */;
		};
		1BACC57E214F40330070CFE5 /* PBXTargetDependency */ = {
			isa = PBXTargetDependency;
			target = 1BACC55A214F40320070CFE5 /* iPhoneRemind */;
			targetProxy = 1BACC57D214F40330070CFE5 /* PBXContainerItemProxy */;
		};
/* End PBXTargetDependency section */

/* Begin PBXVariantGroup section */
		1BACC564214F40330070CFE5 /* Main.storyboard */ = {
			isa = PBXVariantGroup;
			children = (
				1BACC565214F40330070CFE5 /* Base */,
			);
			name = Main.storyboard;
			sourceTree = "<group>";
		};
		1BACC569214F40330070CFE5 /* LaunchScreen.storyboard */ = {
			isa = PBXVariantGroup;
			children = (
				1BACC56A214F40330070CFE5 /* Base */,
			);
			name = LaunchScreen.storyboard;
			sourceTree = "<group>";
		};
/* End PBXVariantGroup section */

/* Begin XCBuildConfiguration section */
		1BACC583214F40330070CFE5 /* Debug */ = {
			isa = XCBuildConfiguration;
			buildSettings = {
				ALWAYS_SEARCH_USER_PATHS = NO;
				CLANG_ANALYZER_NONNULL = YES;
				CLANG_ANALYZER_NUMBER_OBJECT_CONVERSION = YES_AGGRESSIVE;
				CLANG_CXX_LANGUAGE_STANDARD = "gnu++14";
				CLANG_CXX_LIBRARY = "libc++";
				CLANG_ENABLE_MODULES = YES;
				CLANG_ENABLE_OBJC_ARC = YES;
				CLANG_ENABLE_OBJC_WEAK = YES;
				CLANG_WARN_BLOCK_CAPTURE_AUTORELEASING = YES;
				CLANG_WARN_BOOL_CONVERSION = YES;
				CLANG_WARN_COMMA = YES;
				CLANG_WARN_CONSTANT_CONVERSION = YES;
				CLANG_WARN_DEPRECATED_OBJC_IMPLEMENTATIONS = YES;
				CLANG_WARN_DIRECT_OBJC_ISA_USAGE = YES_ERROR;
				CLANG_WARN_DOCUMENTATION_COMMENTS = YES;
				CLANG_WARN_EMPTY_BODY = YES;
				CLANG_WARN_ENUM_CONVERSION = YES;
				CLANG_WARN_INFINITE_RECURSION = YES;
				CLANG_WARN_INT_CONVERSION = YES;
				CLANG_WARN_NON_LITERAL_NULL_CONVERSION = YES;
				CLANG_WARN_OBJC_IMPLICIT_RETAIN_SELF = YES;
				CLANG_WARN_OBJC_LITERAL_CONVERSION = YES;
				CLANG_WARN_OBJC_ROOT_CLASS = YES_ERROR;
				CLANG_WARN_RANGE_LOOP_ANALYSIS = YES;
				CLANG_WARN_STRICT_PROTOTYPES = YES;
				CLANG_WARN_SUSPICIOUS_MOVE = YES;
				CLANG_WARN_UNGUARDED_AVAILABILITY = YES_AGGRESSIVE;
				CLANG_WARN_UNREACHABLE_CODE = YES;
				CLANG_WARN__DUPLICATE_METHOD_MATCH = YES;
				CODE_SIGN_IDENTITY = "iPhone Developer";
				COPY_PHASE_STRIP = NO;
				DEBUG_INFORMATION_FORMAT = dwarf;
				ENABLE_STRICT_OBJC_MSGSEND = YES;
				ENABLE_TESTABILITY = YES;
				GCC_C_LANGUAGE_STANDARD = gnu11;
				GCC_DYNAMIC_NO_PIC = NO;
				GCC_NO_COMMON_BLOCKS = YES;
				GCC_OPTIMIZATION_LEVEL = 0;
				GCC_PREPROCESSOR_DEFINITIONS = (
					"DEBUG=1",
					"$(inherited)",
				);
				GCC_WARN_64_TO_32_BIT_CONVERSION = YES;
				GCC_WARN_ABOUT_RETURN_TYPE = YES_ERROR;
				GCC_WARN_UNDECLARED_SELECTOR = YES;
				GCC_WARN_UNINITIALIZED_AUTOS = YES_AGGRESSIVE;
				GCC_WARN_UNUSED_FUNCTION = YES;
				GCC_WARN_UNUSED_VARIABLE = YES;
				IPHONEOS_DEPLOYMENT_TARGET = 11.4;
				MTL_ENABLE_DEBUG_INFO = YES;
				ONLY_ACTIVE_ARCH = YES;
				SDKROOT = iphoneos;
				SWIFT_ACTIVE_COMPILATION_CONDITIONS = DEBUG;
				SWIFT_OPTIMIZATION_LEVEL = "-Onone";
			};
			name = Debug;
		};
		1BACC584214F40330070CFE5 /* Release */ = {
			isa = XCBuildConfiguration;
			buildSettings = {
				ALWAYS_SEARCH_USER_PATHS = NO;
				CLANG_ANALYZER_NONNULL = YES;
				CLANG_ANALYZER_NUMBER_OBJECT_CONVERSION = YES_AGGRESSIVE;
				CLANG_CXX_LANGUAGE_STANDARD = "gnu++14";
				CLANG_CXX_LIBRARY = "libc++";
				CLANG_ENABLE_MODULES = YES;
				CLANG_ENABLE_OBJC_ARC = YES;
				CLANG_ENABLE_OBJC_WEAK = YES;
				CLANG_WARN_BLOCK_CAPTURE_AUTORELEASING = YES;
				CLANG_WARN_BOOL_CONVERSION = YES;
				CLANG_WARN_COMMA = YES;
				CLANG_WARN_CONSTANT_CONVERSION = YES;
				CLANG_WARN_DEPRECATED_OBJC_IMPLEMENTATIONS = YES;
				CLANG_WARN_DIRECT_OBJC_ISA_USAGE = YES_ERROR;
				CLANG_WARN_DOCUMENTATION_COMMENTS = YES;
				CLANG_WARN_EMPTY_BODY = YES;
				CLANG_WARN_ENUM_CONVERSION = YES;
				CLANG_WARN_INFINITE_RECURSION = YES;
				CLANG_WARN_INT_CONVERSION = YES;
				CLANG_WARN_NON_LITERAL_NULL_CONVERSION = YES;
				CLANG_WARN_OBJC_IMPLICIT_RETAIN_SELF = YES;
				CLANG_WARN_OBJC_LITERAL_CONVERSION = YES;
				CLANG_WARN_OBJC_ROOT_CLASS = YES_ERROR;
				CLANG_WARN_RANGE_LOOP_ANALYSIS = YES;
				CLANG_WARN_STRICT_PROTOTYPES = YES;
				CLANG_WARN_SUSPICIOUS_MOVE = YES;
				CLANG_WARN_UNGUARDED_AVAILABILITY = YES_AGGRESSIVE;
				CLANG_WARN_UNREACHABLE_CODE = YES;
				CLANG_WARN__DUPLICATE_METHOD_MATCH = YES;
				CODE_SIGN_IDENTITY = "iPhone Developer";
				COPY_PHASE_STRIP = NO;
				DEBUG_INFORMATION_FORMAT = "dwarf-with-dsym";
				ENABLE_NS_ASSERTIONS = NO;
				ENABLE_STRICT_OBJC_MSGSEND = YES;
				GCC_C_LANGUAGE_STANDARD = gnu11;
				GCC_NO_COMMON_BLOCKS = YES;
				GCC_WARN_64_TO_32_BIT_CONVERSION = YES;
				GCC_WARN_ABOUT_RETURN_TYPE = YES_ERROR;
				GCC_WARN_UNDECLARED_SELECTOR = YES;
				GCC_WARN_UNINITIALIZED_AUTOS = YES_AGGRESSIVE;
				GCC_WARN_UNUSED_FUNCTION = YES;
				GCC_WARN_UNUSED_VARIABLE = YES;
				IPHONEOS_DEPLOYMENT_TARGET = 11.4;
				MTL_ENABLE_DEBUG_INFO = NO;
				SDKROOT = iphoneos;
				SWIFT_COMPILATION_MODE = wholemodule;
				SWIFT_OPTIMIZATION_LEVEL = "-O";
				VALIDATE_PRODUCT = YES;
			};
			name = Release;
		};
		1BACC586214F40330070CFE5 /* Debug */ = {
			isa = XCBuildConfiguration;
			buildSettings = {
				ASSETCATALOG_COMPILER_APPICON_NAME = AppIcon;
				CODE_SIGN_STYLE = Automatic;
				DEVELOPMENT_TEAM = Q74V9BLXQ4;
				INFOPLIST_FILE = iPhoneRemind/Info.plist;
				LD_RUNPATH_SEARCH_PATHS = (
					"$(inherited)",
					"@executable_path/Frameworks",
				);
				PRODUCT_BUNDLE_IDENTIFIER = ThomasWinn.iPhoneRemind;
				PRODUCT_NAME = "$(TARGET_NAME)";
				SWIFT_VERSION = 4.0;
				TARGETED_DEVICE_FAMILY = "1,2";
			};
			name = Debug;
		};
		1BACC587214F40330070CFE5 /* Release */ = {
			isa = XCBuildConfiguration;
			buildSettings = {
				ASSETCATALOG_COMPILER_APPICON_NAME = AppIcon;
				CODE_SIGN_STYLE = Automatic;
				DEVELOPMENT_TEAM = Q74V9BLXQ4;
				INFOPLIST_FILE = iPhoneRemind/Info.plist;
				LD_RUNPATH_SEARCH_PATHS = (
					"$(inherited)",
					"@executable_path/Frameworks",
				);
				PRODUCT_BUNDLE_IDENTIFIER = ThomasWinn.iPhoneRemind;
				PRODUCT_NAME = "$(TARGET_NAME)";
				SWIFT_VERSION = 4.0;
				TARGETED_DEVICE_FAMILY = "1,2";
			};
			name = Release;
		};
		1BACC589214F40330070CFE5 /* Debug */ = {
			isa = XCBuildConfiguration;
			buildSettings = {
				ALWAYS_EMBED_SWIFT_STANDARD_LIBRARIES = YES;
				BUNDLE_LOADER = "$(TEST_HOST)";
				CODE_SIGN_STYLE = Automatic;
				DEVELOPMENT_TEAM = Q74V9BLXQ4;
				INFOPLIST_FILE = iPhoneRemindTests/Info.plist;
				LD_RUNPATH_SEARCH_PATHS = (
					"$(inherited)",
					"@executable_path/Frameworks",
					"@loader_path/Frameworks",
				);
				PRODUCT_BUNDLE_IDENTIFIER = ThomasWinn.iPhoneRemindTests;
				PRODUCT_NAME = "$(TARGET_NAME)";
				SWIFT_VERSION = 4.0;
				TARGETED_DEVICE_FAMILY = "1,2";
				TEST_HOST = "$(BUILT_PRODUCTS_DIR)/iPhoneRemind.app/iPhoneRemind";
			};
			name = Debug;
		};
		1BACC58A214F40330070CFE5 /* Release */ = {
			isa = XCBuildConfiguration;
			buildSettings = {
				ALWAYS_EMBED_SWIFT_STANDARD_LIBRARIES = YES;
				BUNDLE_LOADER = "$(TEST_HOST)";
				CODE_SIGN_STYLE = Automatic;
				DEVELOPMENT_TEAM = Q74V9BLXQ4;
				INFOPLIST_FILE = iPhoneRemindTests/Info.plist;
				LD_RUNPATH_SEARCH_PATHS = (
					"$(inherited)",
					"@executable_path/Frameworks",
					"@loader_path/Frameworks",
				);
				PRODUCT_BUNDLE_IDENTIFIER = ThomasWinn.iPhoneRemindTests;
				PRODUCT_NAME = "$(TARGET_NAME)";
				SWIFT_VERSION = 4.0;
				TARGETED_DEVICE_FAMILY = "1,2";
				TEST_HOST = "$(BUILT_PRODUCTS_DIR)/iPhoneRemind.app/iPhoneRemind";
			};
			name = Release;
		};
		1BACC58C214F40330070CFE5 /* Debug */ = {
			isa = XCBuildConfiguration;
			buildSettings = {
				ALWAYS_EMBED_SWIFT_STANDARD_LIBRARIES = YES;
				CODE_SIGN_STYLE = Automatic;
				DEVELOPMENT_TEAM = Q74V9BLXQ4;
				INFOPLIST_FILE = iPhoneRemindUITests/Info.plist;
				LD_RUNPATH_SEARCH_PATHS = (
					"$(inherited)",
					"@executable_path/Frameworks",
					"@loader_path/Frameworks",
				);
				PRODUCT_BUNDLE_IDENTIFIER = ThomasWinn.iPhoneRemindUITests;
				PRODUCT_NAME = "$(TARGET_NAME)";
				SWIFT_VERSION = 4.0;
				TARGETED_DEVICE_FAMILY = "1,2";
				TEST_TARGET_NAME = iPhoneRemind;
			};
			name = Debug;
		};
		1BACC58D214F40330070CFE5 /* Release */ = {
			isa = XCBuildConfiguration;
			buildSettings = {
				ALWAYS_EMBED_SWIFT_STANDARD_LIBRARIES = YES;
				CODE_SIGN_STYLE = Automatic;
				DEVELOPMENT_TEAM = Q74V9BLXQ4;
				INFOPLIST_FILE = iPhoneRemindUITests/Info.plist;
				LD_RUNPATH_SEARCH_PATHS = (
					"$(inherited)",
					"@executable_path/Frameworks",
					"@loader_path/Frameworks",
				);
				PRODUCT_BUNDLE_IDENTIFIER = ThomasWinn.iPhoneRemindUITests;
				PRODUCT_NAME = "$(TARGET_NAME)";
				SWIFT_VERSION = 4.0;
				TARGETED_DEVICE_FAMILY = "1,2";
				TEST_TARGET_NAME = iPhoneRemind;
			};
			name = Release;
		};
/* End XCBuildConfiguration section */

/* Begin XCConfigurationList section */
		1BACC556214F40320070CFE5 /* Build configuration list for PBXProject "iPhoneRemind" */ = {
			isa = XCConfigurationList;
			buildConfigurations = (
				1BACC583214F40330070CFE5 /* Debug */,
				1BACC584214F40330070CFE5 /* Release */,
			);
			defaultConfigurationIsVisible = 0;
			defaultConfigurationName = Release;
		};
		1BACC585214F40330070CFE5 /* Build configuration list for PBXNativeTarget "iPhoneRemind" */ = {
			isa = XCConfigurationList;
			buildConfigurations = (
				1BACC586214F40330070CFE5 /* Debug */,
				1BACC587214F40330070CFE5 /* Release */,
			);
			defaultConfigurationIsVisible = 0;
			defaultConfigurationName = Release;
		};
		1BACC588214F40330070CFE5 /* Build configuration list for PBXNativeTarget "iPhoneRemindTests" */ = {
			isa = XCConfigurationList;
			buildConfigurations = (
				1BACC589214F40330070CFE5 /* Debug */,
				1BACC58A214F40330070CFE5 /* Release */,
			);
			defaultConfigurationIsVisible = 0;
			defaultConfigurationName = Release;
		};
		1BACC58B214F40330070CFE5 /* Build configuration list for PBXNativeTarget "iPhoneRemindUITests" */ = {
			isa = XCConfigurationList;
			buildConfigurations = (
				1BACC58C214F40330070CFE5 /* Debug */,
				1BACC58D214F40330070CFE5 /* Release */,
			);
			defaultConfigurationIsVisible = 0;
			defaultConfigurationName = Release;
		};
/* End XCConfigurationList section */
	};
	rootObject = 1BACC553214F40320070CFE5 /* Project object */;
}
